
Microsoft Visual Studio Solution File, Format Version 12.00
# Visual Studio Version 17
VisualStudioVersion = 17.8.34004.107
MinimumVisualStudioVersion = 10.0.40219.1
Project("{FAE04EC0-301F-11D3-BF4B-00C04F79EFBC}") = "mwhWebAdmin", "mwhWebAdmin.csproj", "{AE0AC4F8-423E-4076-9168-F34CA17BB9F1}"
EndProject
Global
	GlobalSection(SolutionConfigurationPlatforms) = preSolution
		Debug|Any CPU = Debug|Any CPU
		Release|Any CPU = Release|Any CPU
	EndGlobalSection
	GlobalSection(ProjectConfigurationPlatforms) = postSolution
		{AE0AC4F8-423E-4076-9168-F34CA17BB9F1}.Debug|Any CPU.ActiveCfg = Debug|Any CPU
		{AE0AC4F8-423E-4076-9168-F34CA17BB9F1}.Debug|Any CPU.Build.0 = Debug|Any CPU
		{AE0AC4F8-423E-4076-9168-F34CA17BB9F1}.Release|Any CPU.ActiveCfg = Release|Any CPU
		{AE0AC4F8-423E-4076-9168-F34CA17BB9F1}.Release|Any CPU.Build.0 = Release|Any CPU
	EndGlobalSection
	GlobalSection(SolutionProperties) = preSolution
		HideSolutionNode = FALSE
	EndGlobalSection
	GlobalSection(ExtensibilityGlobals) = postSolution
		SolutionGuid = {62B559B0-8A7E-4FAC-9BCA-58FF9EBB88A0}
	EndGlobalSection
EndGlobal
