
Microsoft Visual Studio Solution File, Format Version 12.00
# Visual Studio Version 17
VisualStudioVersion = 17.8.34004.107
MinimumVisualStudioVersion = 10.0.40219.1
Project("{9A19103F-16F7-4668-BE54-9A1E7A4F7556}") = "mwhWebAdmin", "mwhWebAdmin.csproj", "{AE0AC4F8-423E-4076-9168-F34CA17BB9F1}"
EndProject
Project("{2150E333-8FDC-42A3-9474-1A3956D46DE8}") = "Solution Items", "Solution Items", "{7C75449A-7246-4DB8-AB7F-9E575463FC4B}"
	ProjectSection(SolutionItems) = preProject
		..\..\.gitignore = ..\..\.gitignore
	EndProjectSection
EndProject
Global
	GlobalSection(SolutionConfigurationPlatforms) = preSolution
		Debug|Any CPU = Debug|Any CPU
		Release|Any CPU = Release|Any CPU
	EndGlobalSection
	GlobalSection(ProjectConfigurationPlatforms) = postSolution
		{AE0AC4F8-423E-4076-9168-F34CA17BB9F1}.Debug|Any CPU.ActiveCfg = Debug|Any CPU
		{AE0AC4F8-423E-4076-9168-F34CA17BB9F1}.Debug|Any CPU.Build.0 = Debug|Any CPU
		{AE0AC4F8-423E-4076-9168-F34CA17BB9F1}.Release|Any CPU.ActiveCfg = Release|Any CPU
		{AE0AC4F8-423E-4076-9168-F34CA17BB9F1}.Release|Any CPU.Build.0 = Release|Any CPU
	EndGlobalSection
	GlobalSection(SolutionProperties) = preSolution
		HideSolutionNode = FALSE
	EndGlobalSection
	GlobalSection(ExtensibilityGlobals) = postSolution
		SolutionGuid = {62B559B0-8A7E-4FAC-9BCA-58FF9EBB88A0}
	EndGlobalSection
EndGlobal
